{
  "version": 4,
  "terraform_version": "0.14.7",
  "serial": 33,
  "lineage": "d70d0854-742a-0ca8-12a3-f7c06c2f62cd",
  "outputs": {},
  "resources": [
    {
      "mode": "data",
      "type": "aws_caller_identity",
      "name": "current",
      "provider": "provider[\"registry.terraform.io/hashicorp/aws\"]",
      "instances": [
        {
          "schema_version": 0,
          "attributes": {
            "account_id": "870958972698",
            "arn": "arn:aws:iam::870958972698:user/terraform",
            "id": "870958972698",
            "user_id": "AIDA4VSJTH4NH6CJKGZ4Y"
          },
          "sensitive_attributes": []
        }
      ]
    },
    {
      "mode": "managed",
      "type": "aws_internet_gateway",
      "name": "mygw",
      "provider": "provider[\"registry.terraform.io/hashicorp/aws\"]",
      "instances": [
        {
          "schema_version": 0,
          "attributes": {
            "arn": "arn:aws:ec2:eu-west-1:870958972698:internet-gateway/igw-055f83588c3d49937",
            "id": "igw-055f83588c3d49937",
            "owner_id": "870958972698",
            "tags": {
              "Name": "MyGW"
            },
            "tags_all": {
              "Environment": "Terraform",
              "Name": "MyGW",
              "Owner": "Lino Telera"
            },
            "vpc_id": "vpc-088664358f69f4b9d"
          },
          "sensitive_attributes": [],
          "private": "bnVsbA==",
          "dependencies": [
            "aws_vpc.linoproject"
          ]
        }
      ]
    },
    {
      "mode": "managed",
      "type": "aws_route_table",
      "name": "routeinet",
      "provider": "provider[\"registry.terraform.io/hashicorp/aws\"]",
      "instances": [
        {
          "schema_version": 0,
          "attributes": {
            "arn": "arn:aws:ec2:eu-west-1:870958972698:route-table/rtb-0717588667bf3f1c6",
            "id": "rtb-0717588667bf3f1c6",
            "owner_id": "870958972698",
            "propagating_vgws": [],
            "route": [
              {
                "carrier_gateway_id": "",
                "cidr_block": "0.0.0.0/0",
                "destination_prefix_list_id": "",
                "egress_only_gateway_id": "",
                "gateway_id": "igw-055f83588c3d49937",
                "instance_id": "",
                "ipv6_cidr_block": "",
                "local_gateway_id": "",
                "nat_gateway_id": "",
                "network_interface_id": "",
                "transit_gateway_id": "",
                "vpc_endpoint_id": "",
                "vpc_peering_connection_id": ""
              }
            ],
            "tags": null,
            "tags_all": {
              "Environment": "Terraform",
              "Owner": "Lino Telera"
            },
            "vpc_id": "vpc-088664358f69f4b9d"
          },
          "sensitive_attributes": [],
          "private": "bnVsbA==",
          "dependencies": [
            "aws_internet_gateway.mygw",
            "aws_vpc.linoproject"
          ]
        }
      ]
    },
    {
      "mode": "managed",
      "type": "aws_route_table_association",
      "name": "PriamryTable",
      "provider": "provider[\"registry.terraform.io/hashicorp/aws\"]",
      "instances": [
        {
          "schema_version": 0,
          "attributes": {
            "gateway_id": null,
            "id": "rtbassoc-074d45438e3f03d9a",
            "route_table_id": "rtb-0717588667bf3f1c6",
            "subnet_id": "subnet-0b995a7b333a685e6"
          },
          "sensitive_attributes": [],
          "private": "bnVsbA==",
          "dependencies": [
            "aws_internet_gateway.mygw",
            "aws_route_table.routeinet",
            "aws_subnet.primary",
            "aws_vpc.linoproject"
          ]
        }
      ]
    },
    {
      "mode": "managed",
      "type": "aws_route_table_association",
      "name": "SecondaryTable",
      "provider": "provider[\"registry.terraform.io/hashicorp/aws\"]",
      "instances": [
        {
          "schema_version": 0,
          "attributes": {
            "gateway_id": null,
            "id": "rtbassoc-0c46cd4f68969a31f",
            "route_table_id": "rtb-0717588667bf3f1c6",
            "subnet_id": "subnet-089f6b9fb8fd05516"
          },
          "sensitive_attributes": [],
          "private": "bnVsbA==",
          "dependencies": [
            "aws_internet_gateway.mygw",
            "aws_route_table.routeinet",
            "aws_subnet.secondary",
            "aws_vpc.linoproject"
          ]
        }
      ]
    },
    {
      "mode": "managed",
      "type": "aws_subnet",
      "name": "primary",
      "provider": "provider[\"registry.terraform.io/hashicorp/aws\"]",
      "instances": [
        {
          "schema_version": 1,
          "attributes": {
            "arn": "arn:aws:ec2:eu-west-1:870958972698:subnet/subnet-0b995a7b333a685e6",
            "assign_ipv6_address_on_creation": false,
            "availability_zone": "eu-west-1c",
            "availability_zone_id": "euw1-az1",
            "cidr_block": "10.1.1.0/24",
            "customer_owned_ipv4_pool": "",
            "id": "subnet-0b995a7b333a685e6",
            "ipv6_cidr_block": "",
            "ipv6_cidr_block_association_id": "",
            "map_customer_owned_ip_on_launch": false,
            "map_public_ip_on_launch": false,
            "outpost_arn": "",
            "owner_id": "870958972698",
            "tags": {
              "Name": "PrimarySubnet"
            },
            "tags_all": {
              "Environment": "Terraform",
              "Name": "PrimarySubnet",
              "Owner": "Lino Telera"
            },
            "timeouts": null,
            "vpc_id": "vpc-088664358f69f4b9d"
          },
          "sensitive_attributes": [],
          "private": "eyJlMmJmYjczMC1lY2FhLTExZTYtOGY4OC0zNDM2M2JjN2M0YzAiOnsiY3JlYXRlIjo2MDAwMDAwMDAwMDAsImRlbGV0ZSI6MTIwMDAwMDAwMDAwMH0sInNjaGVtYV92ZXJzaW9uIjoiMSJ9",
          "dependencies": [
            "aws_vpc.linoproject"
          ]
        }
      ]
    },
    {
      "mode": "managed",
      "type": "aws_subnet",
      "name": "secondary",
      "provider": "provider[\"registry.terraform.io/hashicorp/aws\"]",
      "instances": [
        {
          "schema_version": 1,
          "attributes": {
            "arn": "arn:aws:ec2:eu-west-1:870958972698:subnet/subnet-089f6b9fb8fd05516",
            "assign_ipv6_address_on_creation": false,
            "availability_zone": "eu-west-1b",
            "availability_zone_id": "euw1-az3",
            "cidr_block": "10.1.2.0/24",
            "customer_owned_ipv4_pool": "",
            "id": "subnet-089f6b9fb8fd05516",
            "ipv6_cidr_block": "",
            "ipv6_cidr_block_association_id": "",
            "map_customer_owned_ip_on_launch": false,
            "map_public_ip_on_launch": false,
            "outpost_arn": "",
            "owner_id": "870958972698",
            "tags": {
              "Name": "SecondarySubnet"
            },
            "tags_all": {
              "Environment": "Terraform",
              "Name": "SecondarySubnet",
              "Owner": "Lino Telera"
            },
            "timeouts": null,
            "vpc_id": "vpc-088664358f69f4b9d"
          },
          "sensitive_attributes": [],
          "private": "eyJlMmJmYjczMC1lY2FhLTExZTYtOGY4OC0zNDM2M2JjN2M0YzAiOnsiY3JlYXRlIjo2MDAwMDAwMDAwMDAsImRlbGV0ZSI6MTIwMDAwMDAwMDAwMH0sInNjaGVtYV92ZXJzaW9uIjoiMSJ9",
          "dependencies": [
            "aws_vpc.linoproject"
          ]
        }
      ]
    },
    {
      "mode": "managed",
      "type": "aws_vpc",
      "name": "linoproject",
      "provider": "provider[\"registry.terraform.io/hashicorp/aws\"]",
      "instances": [
        {
          "schema_version": 1,
          "attributes": {
            "arn": "arn:aws:ec2:eu-west-1:870958972698:vpc/vpc-088664358f69f4b9d",
            "assign_generated_ipv6_cidr_block": false,
            "cidr_block": "10.1.0.0/16",
            "default_network_acl_id": "acl-0be684b6021ee4f4f",
            "default_route_table_id": "rtb-0271eb870bddff698",
            "default_security_group_id": "sg-0a4d608a98fa81034",
            "dhcp_options_id": "dopt-f5baee93",
            "enable_classiclink": false,
            "enable_classiclink_dns_support": false,
            "enable_dns_hostnames": true,
            "enable_dns_support": true,
            "id": "vpc-088664358f69f4b9d",
            "instance_tenancy": "default",
            "ipv6_association_id": "",
            "ipv6_cidr_block": "",
            "main_route_table_id": "rtb-0271eb870bddff698",
            "owner_id": "870958972698",
            "tags": null,
            "tags_all": {
              "Environment": "Terraform",
              "Owner": "Lino Telera"
            }
          },
          "sensitive_attributes": [],
          "private": "eyJzY2hlbWFfdmVyc2lvbiI6IjEifQ=="
        }
      ]
    }
  ]
}
