{
  "version": 4,
  "terraform_version": "0.14.7",
  "serial": 11,
  "lineage": "d70d0854-742a-0ca8-12a3-f7c06c2f62cd",
  "outputs": {
    "default_vpc": {
      "value": "arn:aws:ec2:eu-west-1:870958972698:vpc/vpc-f8f41181",
      "type": "string"
    },
    "sts_caller_id": {
      "value": "arn:aws:iam::870958972698:user/terraform",
      "type": "string"
    }
  },
  "resources": [
    {
      "mode": "data",
      "type": "aws_caller_identity",
      "name": "current",
      "provider": "provider[\"registry.terraform.io/hashicorp/aws\"]",
      "instances": [
        {
          "schema_version": 0,
          "attributes": {
            "account_id": "870958972698",
            "arn": "arn:aws:iam::870958972698:user/terraform",
            "id": "870958972698",
            "user_id": "AIDA4VSJTH4NH6CJKGZ4Y"
          },
          "sensitive_attributes": []
        }
      ]
    },
    {
      "mode": "managed",
      "type": "aws_default_vpc",
      "name": "default",
      "provider": "provider[\"registry.terraform.io/hashicorp/aws\"]",
      "instances": [
        {
          "schema_version": 1,
          "attributes": {
            "arn": "arn:aws:ec2:eu-west-1:870958972698:vpc/vpc-f8f41181",
            "assign_generated_ipv6_cidr_block": false,
            "cidr_block": "172.31.0.0/16",
            "default_network_acl_id": "acl-6e3fa017",
            "default_route_table_id": "rtb-3f8c8046",
            "default_security_group_id": "sg-67f3652f",
            "dhcp_options_id": "dopt-f5baee93",
            "enable_classiclink": false,
            "enable_classiclink_dns_support": false,
            "enable_dns_hostnames": true,
            "enable_dns_support": true,
            "id": "vpc-f8f41181",
            "instance_tenancy": "default",
            "ipv6_association_id": "",
            "ipv6_cidr_block": "",
            "main_route_table_id": "rtb-3f8c8046",
            "owner_id": "870958972698",
            "tags": {},
            "tags_all": {
              "Environment": "Terraform",
              "Owner": "Lino Telera"
            }
          },
          "sensitive_attributes": [],
          "private": "eyJzY2hlbWFfdmVyc2lvbiI6IjEifQ=="
        }
      ]
    },
    {
      "mode": "managed",
      "type": "aws_internet_gateway",
      "name": "mygw",
      "provider": "provider[\"registry.terraform.io/hashicorp/aws\"]",
      "instances": [
        {
          "schema_version": 0,
          "attributes": {
            "arn": "arn:aws:ec2:eu-west-1:870958972698:internet-gateway/igw-0d2d755b3b964decf",
            "id": "igw-0d2d755b3b964decf",
            "owner_id": "870958972698",
            "tags": {
              "Name": "MyGW"
            },
            "tags_all": {
              "Environment": "Terraform",
              "Name": "MyGW",
              "Owner": "Lino Telera"
            },
            "vpc_id": "vpc-0bdc81dea334a9f7d"
          },
          "sensitive_attributes": [],
          "private": "bnVsbA==",
          "dependencies": [
            "aws_vpc.linoproject"
          ]
        }
      ]
    },
    {
      "mode": "managed",
      "type": "aws_route_table",
      "name": "routeinet",
      "provider": "provider[\"registry.terraform.io/hashicorp/aws\"]",
      "instances": [
        {
          "schema_version": 0,
          "attributes": {
            "arn": "arn:aws:ec2:eu-west-1:870958972698:route-table/rtb-0621094ea2135430a",
            "id": "rtb-0621094ea2135430a",
            "owner_id": "870958972698",
            "propagating_vgws": [],
            "route": [
              {
                "carrier_gateway_id": "",
                "cidr_block": "0.0.0.0/0",
                "destination_prefix_list_id": "",
                "egress_only_gateway_id": "",
                "gateway_id": "igw-0d2d755b3b964decf",
                "instance_id": "",
                "ipv6_cidr_block": "",
                "local_gateway_id": "",
                "nat_gateway_id": "",
                "network_interface_id": "",
                "transit_gateway_id": "",
                "vpc_endpoint_id": "",
                "vpc_peering_connection_id": ""
              }
            ],
            "tags": null,
            "tags_all": {
              "Environment": "Terraform",
              "Owner": "Lino Telera"
            },
            "vpc_id": "vpc-0bdc81dea334a9f7d"
          },
          "sensitive_attributes": [],
          "private": "bnVsbA==",
          "dependencies": [
            "aws_internet_gateway.mygw",
            "aws_vpc.linoproject"
          ]
        }
      ]
    },
    {
      "mode": "managed",
      "type": "aws_subnet",
      "name": "primary",
      "provider": "provider[\"registry.terraform.io/hashicorp/aws\"]",
      "instances": [
        {
          "schema_version": 1,
          "attributes": {
            "arn": "arn:aws:ec2:eu-west-1:870958972698:subnet/subnet-002b0906d93bf7fba",
            "assign_ipv6_address_on_creation": false,
            "availability_zone": "eu-west-1a",
            "availability_zone_id": "euw1-az2",
            "cidr_block": "10.1.1.0/24",
            "customer_owned_ipv4_pool": "",
            "id": "subnet-002b0906d93bf7fba",
            "ipv6_cidr_block": "",
            "ipv6_cidr_block_association_id": "",
            "map_customer_owned_ip_on_launch": false,
            "map_public_ip_on_launch": false,
            "outpost_arn": "",
            "owner_id": "870958972698",
            "tags": {
              "Name": "PrimarySubnet"
            },
            "tags_all": {
              "Environment": "Terraform",
              "Name": "PrimarySubnet",
              "Owner": "Lino Telera"
            },
            "timeouts": null,
            "vpc_id": "vpc-0bdc81dea334a9f7d"
          },
          "sensitive_attributes": [],
          "private": "eyJlMmJmYjczMC1lY2FhLTExZTYtOGY4OC0zNDM2M2JjN2M0YzAiOnsiY3JlYXRlIjo2MDAwMDAwMDAwMDAsImRlbGV0ZSI6MTIwMDAwMDAwMDAwMH0sInNjaGVtYV92ZXJzaW9uIjoiMSJ9",
          "dependencies": [
            "aws_vpc.linoproject"
          ]
        }
      ]
    },
    {
      "mode": "managed",
      "type": "aws_subnet",
      "name": "secondary",
      "provider": "provider[\"registry.terraform.io/hashicorp/aws\"]",
      "instances": [
        {
          "schema_version": 1,
          "attributes": {
            "arn": "arn:aws:ec2:eu-west-1:870958972698:subnet/subnet-025362dcbc3fe34c7",
            "assign_ipv6_address_on_creation": false,
            "availability_zone": "eu-west-1b",
            "availability_zone_id": "euw1-az3",
            "cidr_block": "10.1.2.0/24",
            "customer_owned_ipv4_pool": "",
            "id": "subnet-025362dcbc3fe34c7",
            "ipv6_cidr_block": "",
            "ipv6_cidr_block_association_id": "",
            "map_customer_owned_ip_on_launch": false,
            "map_public_ip_on_launch": false,
            "outpost_arn": "",
            "owner_id": "870958972698",
            "tags": {
              "Name": "SecondarySubnet"
            },
            "tags_all": {
              "Environment": "Terraform",
              "Name": "SecondarySubnet",
              "Owner": "Lino Telera"
            },
            "timeouts": null,
            "vpc_id": "vpc-0bdc81dea334a9f7d"
          },
          "sensitive_attributes": [],
          "private": "eyJlMmJmYjczMC1lY2FhLTExZTYtOGY4OC0zNDM2M2JjN2M0YzAiOnsiY3JlYXRlIjo2MDAwMDAwMDAwMDAsImRlbGV0ZSI6MTIwMDAwMDAwMDAwMH0sInNjaGVtYV92ZXJzaW9uIjoiMSJ9",
          "dependencies": [
            "aws_vpc.linoproject"
          ]
        }
      ]
    },
    {
      "mode": "managed",
      "type": "aws_vpc",
      "name": "linoproject",
      "provider": "provider[\"registry.terraform.io/hashicorp/aws\"]",
      "instances": [
        {
          "schema_version": 1,
          "attributes": {
            "arn": "arn:aws:ec2:eu-west-1:870958972698:vpc/vpc-0bdc81dea334a9f7d",
            "assign_generated_ipv6_cidr_block": false,
            "cidr_block": "10.1.0.0/16",
            "default_network_acl_id": "acl-0552f636fb8a27655",
            "default_route_table_id": "rtb-0297d50477e564cd6",
            "default_security_group_id": "sg-01932a2a95d2eb1ba",
            "dhcp_options_id": "dopt-f5baee93",
            "enable_classiclink": false,
            "enable_classiclink_dns_support": false,
            "enable_dns_hostnames": false,
            "enable_dns_support": true,
            "id": "vpc-0bdc81dea334a9f7d",
            "instance_tenancy": "default",
            "ipv6_association_id": "",
            "ipv6_cidr_block": "",
            "main_route_table_id": "rtb-0297d50477e564cd6",
            "owner_id": "870958972698",
            "tags": {},
            "tags_all": {
              "Environment": "Terraform",
              "Owner": "Lino Telera"
            }
          },
          "sensitive_attributes": [],
          "private": "eyJzY2hlbWFfdmVyc2lvbiI6IjEifQ=="
        }
      ]
    }
  ]
}
